
Microsoft Visual Studio Solution File, Format Version 12.00
# Visual Studio Version 16
VisualStudioVersion = 16.0.31613.86
MinimumVisualStudioVersion = 10.0.40219.1
Project("{9A19103F-16F7-4668-BE54-9A1E7A4F7556}") = "Web", "Web\Web.csproj", "{6D25B954-714D-441D-BB72-3CEEFB87A80A}"
EndProject
Project("{9A19103F-16F7-4668-BE54-9A1E7A4F7556}") = "Domain", "Domain\Domain.csproj", "{6B1E169A-CC0E-461A-AB52-32E0DB0B40F4}"
EndProject
Project("{9A19103F-16F7-4668-BE54-9A1E7A4F7556}") = "Data", "Data\Data.csproj", "{1656CF68-2A2D-44A7-9323-A11ACE0F3815}"
EndProject
Global
	GlobalSection(SolutionConfigurationPlatforms) = preSolution
		Debug|Any CPU = Debug|Any CPU
		Release|Any CPU = Release|Any CPU
	EndGlobalSection
	GlobalSection(ProjectConfigurationPlatforms) = postSolution
		{6D25B954-714D-441D-BB72-3CEEFB87A80A}.Debug|Any CPU.ActiveCfg = Debug|Any CPU
		{6D25B954-714D-441D-BB72-3CEEFB87A80A}.Debug|Any CPU.Build.0 = Debug|Any CPU
		{6D25B954-714D-441D-BB72-3CEEFB87A80A}.Release|Any CPU.ActiveCfg = Release|Any CPU
		{6D25B954-714D-441D-BB72-3CEEFB87A80A}.Release|Any CPU.Build.0 = Release|Any CPU
		{6B1E169A-CC0E-461A-AB52-32E0DB0B40F4}.Debug|Any CPU.ActiveCfg = Debug|Any CPU
		{6B1E169A-CC0E-461A-AB52-32E0DB0B40F4}.Debug|Any CPU.Build.0 = Debug|Any CPU
		{6B1E169A-CC0E-461A-AB52-32E0DB0B40F4}.Release|Any CPU.ActiveCfg = Release|Any CPU
		{6B1E169A-CC0E-461A-AB52-32E0DB0B40F4}.Release|Any CPU.Build.0 = Release|Any CPU
		{1656CF68-2A2D-44A7-9323-A11ACE0F3815}.Debug|Any CPU.ActiveCfg = Debug|Any CPU
		{1656CF68-2A2D-44A7-9323-A11ACE0F3815}.Debug|Any CPU.Build.0 = Debug|Any CPU
		{1656CF68-2A2D-44A7-9323-A11ACE0F3815}.Release|Any CPU.ActiveCfg = Release|Any CPU
		{1656CF68-2A2D-44A7-9323-A11ACE0F3815}.Release|Any CPU.Build.0 = Release|Any CPU
	EndGlobalSection
	GlobalSection(SolutionProperties) = preSolution
		HideSolutionNode = FALSE
	EndGlobalSection
	GlobalSection(ExtensibilityGlobals) = postSolution
		SolutionGuid = {EF391421-CEF2-46A1-A4B0-E5F363427D7B}
	EndGlobalSection
EndGlobal
